
Microsoft Visual Studio Solution File, Format Version 12.00
# Visual Studio Version 16
VisualStudioVersion = 16.0.28917.182
MinimumVisualStudioVersion = 10.0.40219.1
Project("{9A19103F-16F7-4668-BE54-9A1E7A4F7556}") = "ShowCaseGuidAsParameter", "ShowCaseGuidAsParameter\ShowCaseGuidAsParameter.csproj", "{EF574C24-7012-479A-AAA6-E94806A951EB}"
EndProject
Global
	GlobalSection(SolutionConfigurationPlatforms) = preSolution
		Debug|Any CPU = Debug|Any CPU
		Release|Any CPU = Release|Any CPU
	EndGlobalSection
	GlobalSection(ProjectConfigurationPlatforms) = postSolution
		{EF574C24-7012-479A-AAA6-E94806A951EB}.Debug|Any CPU.ActiveCfg = Debug|Any CPU
		{EF574C24-7012-479A-AAA6-E94806A951EB}.Debug|Any CPU.Build.0 = Debug|Any CPU
		{EF574C24-7012-479A-AAA6-E94806A951EB}.Release|Any CPU.ActiveCfg = Release|Any CPU
		{EF574C24-7012-479A-AAA6-E94806A951EB}.Release|Any CPU.Build.0 = Release|Any CPU
	EndGlobalSection
	GlobalSection(SolutionProperties) = preSolution
		HideSolutionNode = FALSE
	EndGlobalSection
	GlobalSection(ExtensibilityGlobals) = postSolution
		SolutionGuid = {988E37CF-7606-49B7-A5E2-2C25411154EB}
	EndGlobalSection
EndGlobal
